# This file is automatically @generated by Poetry 1.8.4 and should not be changed by hand.

[[package]]
name = "send2trash"
version = "1.8.3"
description = "Send file to trash natively under Mac OS X, Windows and Linux"
optional = false
python-versions = "!=3.0.*,!=3.1.*,!=3.2.*,!=3.3.*,!=3.4.*,!=3.5.*,>=2.7"
files = [
    {file = "Send2Trash-1.8.3-py3-none-any.whl", hash = "sha256:0c31227e0bd08961c7665474a3d1ef7193929fedda4233843689baa056be46c9"},
    {file = "Send2Trash-1.8.3.tar.gz", hash = "sha256:b18e7a3966d99871aefeb00cfbcfdced55ce4871194810fc71f4aa484b953abf"},
]

[package.extras]
nativelib = ["pyobjc-framework-Cocoa", "pywin32"]
objc = ["pyobjc-framework-Cocoa"]
win32 = ["pywin32"]

[metadata]
lock-version = "2.0"
python-versions = "^3.9"
content-hash = "aea99129a523a1a8b70bf8f07e3d3eb3e7297d2f61d2f8c563e9d5e4ff77b03a"
